// !$*UTF8*$!
{
	archiveVersion = 1;
	classes = {
	};
	objectVersion = 77;
	objects = {

/* Begin PBXBuildFile section */
		8398078D2DED96EB00109ECF /* SpotifyiOS in Frameworks */ = {isa = PBXBuildFile; productRef = 8398078C2DED96EB00109ECF /* SpotifyiOS */; };
/* End PBXBuildFile section */

/* Begin PBXContainerItemProxy section */
		8398076D2DED8FB400109ECF /* PBXContainerItemProxy */ = {
			isa = PBXContainerItemProxy;
			containerPortal = 8398074E2DED8FB200109ECF /* Project object */;
			proxyType = 1;
			remoteGlobalIDString = 839807552DED8FB200109ECF;
			remoteInfo = Looply;
		};
		839807772DED8FB400109ECF /* PBXContainerItemProxy */ = {
			isa = PBXContainerItemProxy;
			containerPortal = 8398074E2DED8FB200109ECF /* Project object */;
			proxyType = 1;
			remoteGlobalIDString = 839807552DED8FB200109ECF;
			remoteInfo = Looply;
		};
/* End PBXContainerItemProxy section */

/* Begin PBXFileReference section */
		839807562DED8FB200109ECF /* Looply.app */ = {isa = PBXFileReference; explicitFileType = wrapper.application; includeInIndex = 0; path = Looply.app; sourceTree = BUILT_PRODUCTS_DIR; };
		8398076C2DED8FB400109ECF /* LooplyTests.xctest */ = {isa = PBXFileReference; explicitFileType = wrapper.cfbundle; includeInIndex = 0; path = LooplyTests.xctest; sourceTree = BUILT_PRODUCTS_DIR; };
		839807762DED8FB400109ECF /* LooplyUITests.xctest */ = {isa = PBXFileReference; explicitFileType = wrapper.cfbundle; includeInIndex = 0; path = LooplyUITests.xctest; sourceTree = BUILT_PRODUCTS_DIR; };
/* End PBXFileReference section */

/* Begin PBXFileSystemSynchronizedBuildFileExceptionSet section */
		8398077E2DED8FB400109ECF /* Exceptions for "Looply" folder in "Looply" target */ = {
			isa = PBXFileSystemSynchronizedBuildFileExceptionSet;
			membershipExceptions = (
				Info.plist,
			);
			target = 839807552DED8FB200109ECF /* Looply */;
		};
/* End PBXFileSystemSynchronizedBuildFileExceptionSet section */

/* Begin PBXFileSystemSynchronizedRootGroup section */
		839807582DED8FB200109ECF /* Looply */ = {
			isa = PBXFileSystemSynchronizedRootGroup;
			exceptions = (
				8398077E2DED8FB400109ECF /* Exceptions for "Looply" folder in "Looply" target */,
			);
			path = Looply;
			sourceTree = "<group>";
		};
		8398076F2DED8FB400109ECF /* LooplyTests */ = {
			isa = PBXFileSystemSynchronizedRootGroup;
			path = LooplyTests;
			sourceTree = "<group>";
		};
		839807792DED8FB400109ECF /* LooplyUITests */ = {
			isa = PBXFileSystemSynchronizedRootGroup;
			path = LooplyUITests;
			sourceTree = "<group>";
		};
/* End PBXFileSystemSynchronizedRootGroup section */

/* Begin PBXFrameworksBuildPhase section */
		839807532DED8FB200109ECF /* Frameworks */ = {
			isa = PBXFrameworksBuildPhase;
			buildActionMask = 2147483647;
			files = (
				8398078D2DED96EB00109ECF /* SpotifyiOS in Frameworks */,
			);
			runOnlyForDeploymentPostprocessing = 0;
		};
		839807692DED8FB400109ECF /* Frameworks */ = {
			isa = PBXFrameworksBuildPhase;
			buildActionMask = 2147483647;
			files = (
			);
			runOnlyForDeploymentPostprocessing = 0;
		};
		839807732DED8FB400109ECF /* Frameworks */ = {
			isa = PBXFrameworksBuildPhase;
			buildActionMask = 2147483647;
			files = (
			);
			runOnlyForDeploymentPostprocessing = 0;
		};
/* End PBXFrameworksBuildPhase section */

/* Begin PBXGroup section */
		8398074D2DED8FB200109ECF = {
			isa = PBXGroup;
			children = (
				839807582DED8FB200109ECF /* Looply */,
				8398076F2DED8FB400109ECF /* LooplyTests */,
				839807792DED8FB400109ECF /* LooplyUITests */,
				8398078B2DED96EB00109ECF /* Frameworks */,
				839807572DED8FB200109ECF /* Products */,
			);
			sourceTree = "<group>";
		};
		839807572DED8FB200109ECF /* Products */ = {
			isa = PBXGroup;
			children = (
				839807562DED8FB200109ECF /* Looply.app */,
				8398076C2DED8FB400109ECF /* LooplyTests.xctest */,
				839807762DED8FB400109ECF /* LooplyUITests.xctest */,
			);
			name = Products;
			sourceTree = "<group>";
		};
		8398078B2DED96EB00109ECF /* Frameworks */ = {
			isa = PBXGroup;
			children = (
			);
			name = Frameworks;
			sourceTree = "<group>";
		};
/* End PBXGroup section */

/* Begin PBXNativeTarget section */
		839807552DED8FB200109ECF /* Looply */ = {
			isa = PBXNativeTarget;
			buildConfigurationList = 8398077F2DED8FB400109ECF /* Build configuration list for PBXNativeTarget "Looply" */;
			buildPhases = (
				839807522DED8FB200109ECF /* Sources */,
				839807532DED8FB200109ECF /* Frameworks */,
				839807542DED8FB200109ECF /* Resources */,
			);
			buildRules = (
			);
			dependencies = (
			);
			fileSystemSynchronizedGroups = (
				839807582DED8FB200109ECF /* Looply */,
			);
			name = Looply;
			packageProductDependencies = (
				8398078C2DED96EB00109ECF /* SpotifyiOS */,
			);
			productName = Looply;
			productReference = 839807562DED8FB200109ECF /* Looply.app */;
			productType = "com.apple.product-type.application";
		};
		8398076B2DED8FB400109ECF /* LooplyTests */ = {
			isa = PBXNativeTarget;
			buildConfigurationList = 839807842DED8FB400109ECF /* Build configuration list for PBXNativeTarget "LooplyTests" */;
			buildPhases = (
				839807682DED8FB400109ECF /* Sources */,
				839807692DED8FB400109ECF /* Frameworks */,
				8398076A2DED8FB400109ECF /* Resources */,
			);
			buildRules = (
			);
			dependencies = (
				8398076E2DED8FB400109ECF /* PBXTargetDependency */,
			);
			fileSystemSynchronizedGroups = (
				8398076F2DED8FB400109ECF /* LooplyTests */,
			);
			name = LooplyTests;
			packageProductDependencies = (
			);
			productName = LooplyTests;
			productReference = 8398076C2DED8FB400109ECF /* LooplyTests.xctest */;
			productType = "com.apple.product-type.bundle.unit-test";
		};
		839807752DED8FB400109ECF /* LooplyUITests */ = {
			isa = PBXNativeTarget;
			buildConfigurationList = 839807872DED8FB400109ECF /* Build configuration list for PBXNativeTarget "LooplyUITests" */;
			buildPhases = (
				839807722DED8FB400109ECF /* Sources */,
				839807732DED8FB400109ECF /* Frameworks */,
				839807742DED8FB400109ECF /* Resources */,
			);
			buildRules = (
			);
			dependencies = (
				839807782DED8FB400109ECF /* PBXTargetDependency */,
			);
			fileSystemSynchronizedGroups = (
				839807792DED8FB400109ECF /* LooplyUITests */,
			);
			name = LooplyUITests;
			packageProductDependencies = (
			);
			productName = LooplyUITests;
			productReference = 839807762DED8FB400109ECF /* LooplyUITests.xctest */;
			productType = "com.apple.product-type.bundle.ui-testing";
		};
/* End PBXNativeTarget section */

/* Begin PBXProject section */
		8398074E2DED8FB200109ECF /* Project object */ = {
			isa = PBXProject;
			attributes = {
				BuildIndependentTargetsInParallel = 1;
				LastSwiftUpdateCheck = 1630;
				LastUpgradeCheck = 1630;
				TargetAttributes = {
					839807552DED8FB200109ECF = {
						CreatedOnToolsVersion = 16.3;
					};
					8398076B2DED8FB400109ECF = {
						CreatedOnToolsVersion = 16.3;
						TestTargetID = 839807552DED8FB200109ECF;
					};
					839807752DED8FB400109ECF = {
						CreatedOnToolsVersion = 16.3;
						TestTargetID = 839807552DED8FB200109ECF;
					};
				};
			};
			buildConfigurationList = 839807512DED8FB200109ECF /* Build configuration list for PBXProject "Looply" */;
			developmentRegion = en;
			hasScannedForEncodings = 0;
			knownRegions = (
				en,
				Base,
			);
			mainGroup = 8398074D2DED8FB200109ECF;
			minimizedProjectReferenceProxies = 1;
			packageReferences = (
				8398078A2DED935E00109ECF /* XCRemoteSwiftPackageReference "ios-sdk" */,
			);
			preferredProjectObjectVersion = 77;
			productRefGroup = 839807572DED8FB200109ECF /* Products */;
			projectDirPath = "";
			projectRoot = "";
			targets = (
				839807552DED8FB200109ECF /* Looply */,
				8398076B2DED8FB400109ECF /* LooplyTests */,
				839807752DED8FB400109ECF /* LooplyUITests */,
			);
		};
/* End PBXProject section */

/* Begin PBXResourcesBuildPhase section */
		839807542DED8FB200109ECF /* Resources */ = {
			isa = PBXResourcesBuildPhase;
			buildActionMask = 2147483647;
			files = (
			);
			runOnlyForDeploymentPostprocessing = 0;
		};
		8398076A2DED8FB400109ECF /* Resources */ = {
			isa = PBXResourcesBuildPhase;
			buildActionMask = 2147483647;
			files = (
			);
			runOnlyForDeploymentPostprocessing = 0;
		};
		839807742DED8FB400109ECF /* Resources */ = {
			isa = PBXResourcesBuildPhase;
			buildActionMask = 2147483647;
			files = (
			);
			runOnlyForDeploymentPostprocessing = 0;
		};
/* End PBXResourcesBuildPhase section */

/* Begin PBXSourcesBuildPhase section */
		839807522DED8FB200109ECF /* Sources */ = {
			isa = PBXSourcesBuildPhase;
			buildActionMask = 2147483647;
			files = (
			);
			runOnlyForDeploymentPostprocessing = 0;
		};
		839807682DED8FB400109ECF /* Sources */ = {
			isa = PBXSourcesBuildPhase;
			buildActionMask = 2147483647;
			files = (
			);
			runOnlyForDeploymentPostprocessing = 0;
		};
		839807722DED8FB400109ECF /* Sources */ = {
			isa = PBXSourcesBuildPhase;
			buildActionMask = 2147483647;
			files = (
			);
			runOnlyForDeploymentPostprocessing = 0;
		};
/* End PBXSourcesBuildPhase section */

/* Begin PBXTargetDependency section */
		8398076E2DED8FB400109ECF /* PBXTargetDependency */ = {
			isa = PBXTargetDependency;
			target = 839807552DED8FB200109ECF /* Looply */;
			targetProxy = 8398076D2DED8FB400109ECF /* PBXContainerItemProxy */;
		};
		839807782DED8FB400109ECF /* PBXTargetDependency */ = {
			isa = PBXTargetDependency;
			target = 839807552DED8FB200109ECF /* Looply */;
			targetProxy = 839807772DED8FB400109ECF /* PBXContainerItemProxy */;
		};
/* End PBXTargetDependency section */

/* Begin XCBuildConfiguration section */
		839807802DED8FB400109ECF /* Debug */ = {
			isa = XCBuildConfiguration;
			buildSettings = {
				ASSETCATALOG_COMPILER_APPICON_NAME = AppIcon;
				ASSETCATALOG_COMPILER_GLOBAL_ACCENT_COLOR_NAME = AccentColor;
				CODE_SIGN_STYLE = Automatic;
				CURRENT_PROJECT_VERSION = 1;
				DEVELOPMENT_TEAM = WK79YU8K34;
				GENERATE_INFOPLIST_FILE = YES;
				INFOPLIST_FILE = Looply/Info.plist;
				INFOPLIST_KEY_UIApplicationSupportsIndirectInputEvents = YES;
				INFOPLIST_KEY_UILaunchStoryboardName = LaunchScreen;
				INFOPLIST_KEY_UIMainStoryboardFile = Main;
				INFOPLIST_KEY_UISupportedInterfaceOrientations_iPad = "UIInterfaceOrientationPortrait UIInterfaceOrientationPortraitUpsideDown UIInterfaceOrientationLandscapeLeft UIInterfaceOrientationLandscapeRight";
				INFOPLIST_KEY_UISupportedInterfaceOrientations_iPhone = "UIInterfaceOrientationPortrait UIInterfaceOrientationLandscapeLeft UIInterfaceOrientationLandscapeRight";
				IPHONEOS_DEPLOYMENT_TARGET = 17.6;
				LD_RUNPATH_SEARCH_PATHS = (
					"$(inherited)",
					"@executable_path/Frameworks",
				);
				MARKETING_VERSION = 1.0;
				PRODUCT_BUNDLE_IDENTIFIER = ios.Looply;
				PRODUCT_NAME = "$(TARGET_NAME)";
				SWIFT_EMIT_LOC_STRINGS = YES;
				SWIFT_VERSION = 5.0;
				TARGETED_DEVICE_FAMILY = "1,2";
			};
			name = Debug;
		};
		839807812DED8FB400109ECF /* Release */ = {
			isa = XCBuildConfiguration;
			buildSettings = {
				ASSETCATALOG_COMPILER_APPICON_NAME = AppIcon;
				ASSETCATALOG_COMPILER_GLOBAL_ACCENT_COLOR_NAME = AccentColor;
				CODE_SIGN_STYLE = Automatic;
				CURRENT_PROJECT_VERSION = 1;
				DEVELOPMENT_TEAM = WK79YU8K34;
				GENERATE_INFOPLIST_FILE = YES;
				INFOPLIST_FILE = Looply/Info.plist;
				INFOPLIST_KEY_UIApplicationSupportsIndirectInputEvents = YES;
				INFOPLIST_KEY_UILaunchStoryboardName = LaunchScreen;
				INFOPLIST_KEY_UIMainStoryboardFile = Main;
				INFOPLIST_KEY_UISupportedInterfaceOrientations_iPad = "UIInterfaceOrientationPortrait UIInterfaceOrientationPortraitUpsideDown UIInterfaceOrientationLandscapeLeft UIInterfaceOrientationLandscapeRight";
				INFOPLIST_KEY_UISupportedInterfaceOrientations_iPhone = "UIInterfaceOrientationPortrait UIInterfaceOrientationLandscapeLeft UIInterfaceOrientationLandscapeRight";
				IPHONEOS_DEPLOYMENT_TARGET = 17.6;
				LD_RUNPATH_SEARCH_PATHS = (
					"$(inherited)",
					"@executable_path/Frameworks",
				);
				MARKETING_VERSION = 1.0;
				PRODUCT_BUNDLE_IDENTIFIER = ios.Looply;
				PRODUCT_NAME = "$(TARGET_NAME)";
				SWIFT_EMIT_LOC_STRINGS = YES;
				SWIFT_VERSION = 5.0;
				TARGETED_DEVICE_FAMILY = "1,2";
			};
			name = Release;
		};
		839807822DED8FB400109ECF /* Debug */ = {
			isa = XCBuildConfiguration;
			buildSettings = {
				ALWAYS_SEARCH_USER_PATHS = NO;
				ASSETCATALOG_COMPILER_GENERATE_SWIFT_ASSET_SYMBOL_EXTENSIONS = YES;
				CLANG_ANALYZER_NONNULL = YES;
				CLANG_ANALYZER_NUMBER_OBJECT_CONVERSION = YES_AGGRESSIVE;
				CLANG_CXX_LANGUAGE_STANDARD = "gnu++20";
				CLANG_ENABLE_MODULES = YES;
				CLANG_ENABLE_OBJC_ARC = YES;
				CLANG_ENABLE_OBJC_WEAK = YES;
				CLANG_WARN_BLOCK_CAPTURE_AUTORELEASING = YES;
				CLANG_WARN_BOOL_CONVERSION = YES;
				CLANG_WARN_COMMA = YES;
				CLANG_WARN_CONSTANT_CONVERSION = YES;
				CLANG_WARN_DEPRECATED_OBJC_IMPLEMENTATIONS = YES;
				CLANG_WARN_DIRECT_OBJC_ISA_USAGE = YES_ERROR;
				CLANG_WARN_DOCUMENTATION_COMMENTS = YES;
				CLANG_WARN_EMPTY_BODY = YES;
				CLANG_WARN_ENUM_CONVERSION = YES;
				CLANG_WARN_INFINITE_RECURSION = YES;
				CLANG_WARN_INT_CONVERSION = YES;
				CLANG_WARN_NON_LITERAL_NULL_CONVERSION = YES;
				CLANG_WARN_OBJC_IMPLICIT_RETAIN_SELF = YES;
				CLANG_WARN_OBJC_LITERAL_CONVERSION = YES;
				CLANG_WARN_OBJC_ROOT_CLASS = YES_ERROR;
				CLANG_WARN_QUOTED_INCLUDE_IN_FRAMEWORK_HEADER = YES;
				CLANG_WARN_RANGE_LOOP_ANALYSIS = YES;
				CLANG_WARN_STRICT_PROTOTYPES = YES;
				CLANG_WARN_SUSPICIOUS_MOVE = YES;
				CLANG_WARN_UNGUARDED_AVAILABILITY = YES_AGGRESSIVE;
				CLANG_WARN_UNREACHABLE_CODE = YES;
				CLANG_WARN__DUPLICATE_METHOD_MATCH = YES;
				COPY_PHASE_STRIP = NO;
				DEBUG_INFORMATION_FORMAT = dwarf;
				ENABLE_STRICT_OBJC_MSGSEND = YES;
				ENABLE_TESTABILITY = YES;
				ENABLE_USER_SCRIPT_SANDBOXING = YES;
				GCC_C_LANGUAGE_STANDARD = gnu17;
				GCC_DYNAMIC_NO_PIC = NO;
				GCC_NO_COMMON_BLOCKS = YES;
				GCC_OPTIMIZATION_LEVEL = 0;
				GCC_PREPROCESSOR_DEFINITIONS = (
					"DEBUG=1",
					"$(inherited)",
				);
				GCC_WARN_64_TO_32_BIT_CONVERSION = YES;
				GCC_WARN_ABOUT_RETURN_TYPE = YES_ERROR;
				GCC_WARN_UNDECLARED_SELECTOR = YES;
				GCC_WARN_UNINITIALIZED_AUTOS = YES_AGGRESSIVE;
				GCC_WARN_UNUSED_FUNCTION = YES;
				GCC_WARN_UNUSED_VARIABLE = YES;
				IPHONEOS_DEPLOYMENT_TARGET = 18.4;
				LOCALIZATION_PREFERS_STRING_CATALOGS = YES;
				MTL_ENABLE_DEBUG_INFO = INCLUDE_SOURCE;
				MTL_FAST_MATH = YES;
				ONLY_ACTIVE_ARCH = YES;
				SDKROOT = iphoneos;
				SWIFT_ACTIVE_COMPILATION_CONDITIONS = "DEBUG $(inherited)";
				SWIFT_OPTIMIZATION_LEVEL = "-Onone";
			};
			name = Debug;
		};
		839807832DED8FB400109ECF /* Release */ = {
			isa = XCBuildConfiguration;
			buildSettings = {
				ALWAYS_SEARCH_USER_PATHS = NO;
				ASSETCATALOG_COMPILER_GENERATE_SWIFT_ASSET_SYMBOL_EXTENSIONS = YES;
				CLANG_ANALYZER_NONNULL = YES;
				CLANG_ANALYZER_NUMBER_OBJECT_CONVERSION = YES_AGGRESSIVE;
				CLANG_CXX_LANGUAGE_STANDARD = "gnu++20";
				CLANG_ENABLE_MODULES = YES;
				CLANG_ENABLE_OBJC_ARC = YES;
				CLANG_ENABLE_OBJC_WEAK = YES;
				CLANG_WARN_BLOCK_CAPTURE_AUTORELEASING = YES;
				CLANG_WARN_BOOL_CONVERSION = YES;
				CLANG_WARN_COMMA = YES;
				CLANG_WARN_CONSTANT_CONVERSION = YES;
				CLANG_WARN_DEPRECATED_OBJC_IMPLEMENTATIONS = YES;
				CLANG_WARN_DIRECT_OBJC_ISA_USAGE = YES_ERROR;
				CLANG_WARN_DOCUMENTATION_COMMENTS = YES;
				CLANG_WARN_EMPTY_BODY = YES;
				CLANG_WARN_ENUM_CONVERSION = YES;
				CLANG_WARN_INFINITE_RECURSION = YES;
				CLANG_WARN_INT_CONVERSION = YES;
				CLANG_WARN_NON_LITERAL_NULL_CONVERSION = YES;
				CLANG_WARN_OBJC_IMPLICIT_RETAIN_SELF = YES;
				CLANG_WARN_OBJC_LITERAL_CONVERSION = YES;
				CLANG_WARN_OBJC_ROOT_CLASS = YES_ERROR;
				CLANG_WARN_QUOTED_INCLUDE_IN_FRAMEWORK_HEADER = YES;
				CLANG_WARN_RANGE_LOOP_ANALYSIS = YES;
				CLANG_WARN_STRICT_PROTOTYPES = YES;
				CLANG_WARN_SUSPICIOUS_MOVE = YES;
				CLANG_WARN_UNGUARDED_AVAILABILITY = YES_AGGRESSIVE;
				CLANG_WARN_UNREACHABLE_CODE = YES;
				CLANG_WARN__DUPLICATE_METHOD_MATCH = YES;
				COPY_PHASE_STRIP = NO;
				DEBUG_INFORMATION_FORMAT = "dwarf-with-dsym";
				ENABLE_NS_ASSERTIONS = NO;
				ENABLE_STRICT_OBJC_MSGSEND = YES;
				ENABLE_USER_SCRIPT_SANDBOXING = YES;
				GCC_C_LANGUAGE_STANDARD = gnu17;
				GCC_NO_COMMON_BLOCKS = YES;
				GCC_WARN_64_TO_32_BIT_CONVERSION = YES;
				GCC_WARN_ABOUT_RETURN_TYPE = YES_ERROR;
				GCC_WARN_UNDECLARED_SELECTOR = YES;
				GCC_WARN_UNINITIALIZED_AUTOS = YES_AGGRESSIVE;
				GCC_WARN_UNUSED_FUNCTION = YES;
				GCC_WARN_UNUSED_VARIABLE = YES;
				IPHONEOS_DEPLOYMENT_TARGET = 18.4;
				LOCALIZATION_PREFERS_STRING_CATALOGS = YES;
				MTL_ENABLE_DEBUG_INFO = NO;
				MTL_FAST_MATH = YES;
				SDKROOT = iphoneos;
				SWIFT_COMPILATION_MODE = wholemodule;
				VALIDATE_PRODUCT = YES;
			};
			name = Release;
		};
		839807852DED8FB400109ECF /* Debug */ = {
			isa = XCBuildConfiguration;
			buildSettings = {
				BUNDLE_LOADER = "$(TEST_HOST)";
				CODE_SIGN_STYLE = Automatic;
				CURRENT_PROJECT_VERSION = 1;
				GENERATE_INFOPLIST_FILE = YES;
				IPHONEOS_DEPLOYMENT_TARGET = 18.4;
				MARKETING_VERSION = 1.0;
				PRODUCT_BUNDLE_IDENTIFIER = ios.LooplyTests;
				PRODUCT_NAME = "$(TARGET_NAME)";
				SWIFT_EMIT_LOC_STRINGS = NO;
				SWIFT_VERSION = 5.0;
				TARGETED_DEVICE_FAMILY = "1,2";
				TEST_HOST = "$(BUILT_PRODUCTS_DIR)/Looply.app/$(BUNDLE_EXECUTABLE_FOLDER_PATH)/Looply";
			};
			name = Debug;
		};
		839807862DED8FB400109ECF /* Release */ = {
			isa = XCBuildConfiguration;
			buildSettings = {
				BUNDLE_LOADER = "$(TEST_HOST)";
				CODE_SIGN_STYLE = Automatic;
				CURRENT_PROJECT_VERSION = 1;
				GENERATE_INFOPLIST_FILE = YES;
				IPHONEOS_DEPLOYMENT_TARGET = 18.4;
				MARKETING_VERSION = 1.0;
				PRODUCT_BUNDLE_IDENTIFIER = ios.LooplyTests;
				PRODUCT_NAME = "$(TARGET_NAME)";
				SWIFT_EMIT_LOC_STRINGS = NO;
				SWIFT_VERSION = 5.0;
				TARGETED_DEVICE_FAMILY = "1,2";
				TEST_HOST = "$(BUILT_PRODUCTS_DIR)/Looply.app/$(BUNDLE_EXECUTABLE_FOLDER_PATH)/Looply";
			};
			name = Release;
		};
		839807882DED8FB400109ECF /* Debug */ = {
			isa = XCBuildConfiguration;
			buildSettings = {
				CODE_SIGN_STYLE = Automatic;
				CURRENT_PROJECT_VERSION = 1;
				GENERATE_INFOPLIST_FILE = YES;
				MARKETING_VERSION = 1.0;
				PRODUCT_BUNDLE_IDENTIFIER = ios.LooplyUITests;
				PRODUCT_NAME = "$(TARGET_NAME)";
				SWIFT_EMIT_LOC_STRINGS = NO;
				SWIFT_VERSION = 5.0;
				TARGETED_DEVICE_FAMILY = "1,2";
				TEST_TARGET_NAME = Looply;
			};
			name = Debug;
		};
		839807892DED8FB400109ECF /* Release */ = {
			isa = XCBuildConfiguration;
			buildSettings = {
				CODE_SIGN_STYLE = Automatic;
				CURRENT_PROJECT_VERSION = 1;
				GENERATE_INFOPLIST_FILE = YES;
				MARKETING_VERSION = 1.0;
				PRODUCT_BUNDLE_IDENTIFIER = ios.LooplyUITests;
				PRODUCT_NAME = "$(TARGET_NAME)";
				SWIFT_EMIT_LOC_STRINGS = NO;
				SWIFT_VERSION = 5.0;
				TARGETED_DEVICE_FAMILY = "1,2";
				TEST_TARGET_NAME = Looply;
			};
			name = Release;
		};
/* End XCBuildConfiguration section */

/* Begin XCConfigurationList section */
		839807512DED8FB200109ECF /* Build configuration list for PBXProject "Looply" */ = {
			isa = XCConfigurationList;
			buildConfigurations = (
				839807822DED8FB400109ECF /* Debug */,
				839807832DED8FB400109ECF /* Release */,
			);
			defaultConfigurationIsVisible = 0;
			defaultConfigurationName = Release;
		};
		8398077F2DED8FB400109ECF /* Build configuration list for PBXNativeTarget "Looply" */ = {
			isa = XCConfigurationList;
			buildConfigurations = (
				839807802DED8FB400109ECF /* Debug */,
				839807812DED8FB400109ECF /* Release */,
			);
			defaultConfigurationIsVisible = 0;
			defaultConfigurationName = Release;
		};
		839807842DED8FB400109ECF /* Build configuration list for PBXNativeTarget "LooplyTests" */ = {
			isa = XCConfigurationList;
			buildConfigurations = (
				839807852DED8FB400109ECF /* Debug */,
				839807862DED8FB400109ECF /* Release */,
			);
			defaultConfigurationIsVisible = 0;
			defaultConfigurationName = Release;
		};
		839807872DED8FB400109ECF /* Build configuration list for PBXNativeTarget "LooplyUITests" */ = {
			isa = XCConfigurationList;
			buildConfigurations = (
				839807882DED8FB400109ECF /* Debug */,
				839807892DED8FB400109ECF /* Release */,
			);
			defaultConfigurationIsVisible = 0;
			defaultConfigurationName = Release;
		};
/* End XCConfigurationList section */

/* Begin XCRemoteSwiftPackageReference section */
		8398078A2DED935E00109ECF /* XCRemoteSwiftPackageReference "ios-sdk" */ = {
			isa = XCRemoteSwiftPackageReference;
			repositoryURL = "https://github.com/spotify/ios-sdk";
			requirement = {
				branch = master;
				kind = branch;
			};
		};
/* End XCRemoteSwiftPackageReference section */

/* Begin XCSwiftPackageProductDependency section */
		8398078C2DED96EB00109ECF /* SpotifyiOS */ = {
			isa = XCSwiftPackageProductDependency;
			package = 8398078A2DED935E00109ECF /* XCRemoteSwiftPackageReference "ios-sdk" */;
			productName = SpotifyiOS;
		};
/* End XCSwiftPackageProductDependency section */
	};
	rootObject = 8398074E2DED8FB200109ECF /* Project object */;
}
